
Microsoft Visual Studio Solution File, Format Version 12.00
# Visual Studio Version 17
VisualStudioVersion = 17.13.35931.197
MinimumVisualStudioVersion = 10.0.40219.1
Project("{2150E333-8FDC-42A3-9474-1A3956D46DE8}") = "src", "src", "{02EA681E-C7D8-13C7-8484-4AC65E1B71E8}"
EndProject
Project("{2150E333-8FDC-42A3-9474-1A3956D46DE8}") = "test", "test", "{0D702870-FC90-4A03-BB5E-C38F7492D2DE}"
EndProject
Project("{FAE04EC0-301F-11D3-BF4B-00C04F79EFBC}") = "CodeRunner", "CodeRunner\CodeRunner.csproj", "{5DA75759-AD69-456C-B10A-309CC7B417C2}"
EndProject
Project("{FAE04EC0-301F-11D3-BF4B-00C04F79EFBC}") = "TestRunner", "TestRunner\TestRunner.csproj", "{9A926469-6C7B-47EC-A5D2-93F938CB7713}"
EndProject
Global
	GlobalSection(SolutionConfigurationPlatforms) = preSolution
		Debug|Any CPU = Debug|Any CPU
		Release|Any CPU = Release|Any CPU
	EndGlobalSection
	GlobalSection(ProjectConfigurationPlatforms) = postSolution
		{5DA75759-AD69-456C-B10A-309CC7B417C2}.Debug|Any CPU.ActiveCfg = Debug|Any CPU
		{5DA75759-AD69-456C-B10A-309CC7B417C2}.Debug|Any CPU.Build.0 = Debug|Any CPU
		{5DA75759-AD69-456C-B10A-309CC7B417C2}.Release|Any CPU.ActiveCfg = Release|Any CPU
		{5DA75759-AD69-456C-B10A-309CC7B417C2}.Release|Any CPU.Build.0 = Release|Any CPU
		{9A926469-6C7B-47EC-A5D2-93F938CB7713}.Debug|Any CPU.ActiveCfg = Debug|Any CPU
		{9A926469-6C7B-47EC-A5D2-93F938CB7713}.Debug|Any CPU.Build.0 = Debug|Any CPU
		{9A926469-6C7B-47EC-A5D2-93F938CB7713}.Release|Any CPU.ActiveCfg = Release|Any CPU
		{9A926469-6C7B-47EC-A5D2-93F938CB7713}.Release|Any CPU.Build.0 = Release|Any CPU
	EndGlobalSection
	GlobalSection(SolutionProperties) = preSolution
		HideSolutionNode = FALSE
	EndGlobalSection
	GlobalSection(NestedProjects) = preSolution
		{5DA75759-AD69-456C-B10A-309CC7B417C2} = {02EA681E-C7D8-13C7-8484-4AC65E1B71E8}
		{9A926469-6C7B-47EC-A5D2-93F938CB7713} = {0D702870-FC90-4A03-BB5E-C38F7492D2DE}
	EndGlobalSection
	GlobalSection(ExtensibilityGlobals) = postSolution
		SolutionGuid = {7BCE9003-FBCB-4627-B9E4-208245C4C712}
	EndGlobalSection
EndGlobal
